
Microsoft Visual Studio Solution File, Format Version 12.00
# Visual Studio Version 16
VisualStudioVersion = 16.0.29102.190
MinimumVisualStudioVersion = 10.0.40219.1
Project("{FAE04EC0-301F-11D3-BF4B-00C04F79EFBC}") = "ConsoleAppStudentMarks", "ConsoleAppStudentMarks.csproj", "{AE061401-DA0A-4A9A-8327-59FF6F84DE39}"
EndProject
Global
	GlobalSection(SolutionConfigurationPlatforms) = preSolution
		Debug|Any CPU = Debug|Any CPU
		Release|Any CPU = Release|Any CPU
	EndGlobalSection
	GlobalSection(ProjectConfigurationPlatforms) = postSolution
		{AE061401-DA0A-4A9A-8327-59FF6F84DE39}.Debug|Any CPU.ActiveCfg = Debug|Any CPU
		{AE061401-DA0A-4A9A-8327-59FF6F84DE39}.Debug|Any CPU.Build.0 = Debug|Any CPU
		{AE061401-DA0A-4A9A-8327-59FF6F84DE39}.Release|Any CPU.ActiveCfg = Release|Any CPU
		{AE061401-DA0A-4A9A-8327-59FF6F84DE39}.Release|Any CPU.Build.0 = Release|Any CPU
	EndGlobalSection
	GlobalSection(SolutionProperties) = preSolution
		HideSolutionNode = FALSE
	EndGlobalSection
	GlobalSection(ExtensibilityGlobals) = postSolution
		SolutionGuid = {1579FBDE-C49B-4BBD-87E2-A9DCABFE469C}
	EndGlobalSection
EndGlobal
